
Microsoft Visual Studio Solution File, Format Version 12.00
# Visual Studio Version 16
VisualStudioVersion = 16.0.31129.286
MinimumVisualStudioVersion = 10.0.40219.1
Project("{FAE04EC0-301F-11D3-BF4B-00C04F79EFBC}") = "SpiraToDevOps", "SpiraToDevOps\SpiraToDevOps.csproj", "{A190FD99-E975-4D8A-AF1A-EDC792D05A77}"
EndProject
Global
	GlobalSection(SolutionConfigurationPlatforms) = preSolution
		Debug|Any CPU = Debug|Any CPU
		Release|Any CPU = Release|Any CPU
	EndGlobalSection
	GlobalSection(ProjectConfigurationPlatforms) = postSolution
		{A190FD99-E975-4D8A-AF1A-EDC792D05A77}.Debug|Any CPU.ActiveCfg = Debug|Any CPU
		{A190FD99-E975-4D8A-AF1A-EDC792D05A77}.Debug|Any CPU.Build.0 = Debug|Any CPU
		{A190FD99-E975-4D8A-AF1A-EDC792D05A77}.Release|Any CPU.ActiveCfg = Release|Any CPU
		{A190FD99-E975-4D8A-AF1A-EDC792D05A77}.Release|Any CPU.Build.0 = Release|Any CPU
	EndGlobalSection
	GlobalSection(SolutionProperties) = preSolution
		HideSolutionNode = FALSE
	EndGlobalSection
	GlobalSection(ExtensibilityGlobals) = postSolution
		SolutionGuid = {0826258A-FE9A-4B28-A43A-4CF4A7342605}
	EndGlobalSection
EndGlobal
